#MicroXplorer Configuration settings - do not modify
Mcu.Family=STM32F1
NVIC.SysTick_IRQn=true\:0\:0\:false\:false\:true\:false\:true
ProjectManager.LastFirmware=true
RCC.PLLMUL=RCC_PLL_MUL8
ProjectManager.MainLocation=Core/Src
RCC.MCOFreq_Value=32000000
ProjectManager.FirmwarePackage=STM32Cube FW_F1 V1.8.3
MxDb.Version=DB.6.0.21
ProjectManager.ProjectFileName=Timer_Example.ioc
RCC.APB2Freq_Value=32000000
ProjectManager.BackupPrevious=false
MxCube.Version=6.2.1
VP_TIM2_VS_ClockSourceINT.Mode=Internal
ProjectManager.KeepUserCode=true
Mcu.UserName=STM32F103C6Tx
Mcu.PinsNb=4
ProjectManager.NoMain=false
NVIC.TIM2_IRQn=true\:0\:0\:false\:false\:true\:true\:true
File.Version=6
VP_SYS_VS_Systick.Mode=SysTick
VP_SYS_VS_ND.Signal=SYS_VS_ND
RCC.PLLCLKFreq_Value=32000000
NVIC.NonMaskableInt_IRQn=true\:0\:0\:false\:false\:true\:false\:false
NVIC.PendSV_IRQn=true\:0\:0\:false\:false\:true\:false\:false
ProjectManager.functionlistsort=1-MX_GPIO_Init-GPIO-false-HAL-true,2-SystemClock_Config-RCC-false-HAL-false,3-MX_TIM2_Init-TIM2-false-HAL-true
TIM2.Period=50
ProjectManager.FreePins=false
RCC.ADCFreqValue=16000000
RCC.IPParameters=ADCFreqValue,AHBFreq_Value,APB1Freq_Value,APB1TimFreq_Value,APB2Freq_Value,APB2TimFreq_Value,FCLKCortexFreq_Value,FamilyName,HCLKFreq_Value,MCOFreq_Value,PLLCLKFreq_Value,PLLMCOFreq_Value,PLLMUL,SYSCLKFreq_VALUE,SYSCLKSource,TimSysFreq_Value,USBFreq_Value
ProjectManager.DefaultFWLocation=true
ProjectManager.AskForMigrate=true
Mcu.Name=STM32F103C(4-6)Tx
ProjectManager.HalAssertFull=false
ProjectManager.DeletePrevious=true
PA2.Signal=GPIO_Output
ProjectManager.ProjectName=Timer_Example
ProjectManager.UnderRoot=true
VP_SYS_VS_ND.Mode=No_Debug
RCC.PLLMCOFreq_Value=16000000
ProjectManager.CoupleFile=false
PA2.GPIOParameters=GPIO_Label
RCC.SYSCLKFreq_VALUE=32000000
PinOutPanel.RotationAngle=0
Mcu.Package=LQFP48
TIM2.Prescaler=32000
RCC.FamilyName=M
RCC.TimSysFreq_Value=32000000
RCC.SYSCLKSource=RCC_SYSCLKSOURCE_PLLCLK
ProjectManager.StackSize=0x400
NVIC.ForceEnableDMAVector=true
KeepUserPlacement=false
NVIC.MemoryManagement_IRQn=true\:0\:0\:false\:false\:true\:false\:false
RCC.FCLKCortexFreq_Value=32000000
ProjectManager.CompilerOptimize=6
NVIC.SVCall_IRQn=true\:0\:0\:false\:false\:true\:false\:false
Mcu.IP2=SYS
ProjectManager.ToolChainLocation=
PA2.GPIO_Label=LED_1
Mcu.IP3=TIM2
VP_SYS_VS_Systick.Signal=SYS_VS_Systick
Mcu.IP0=NVIC
Mcu.IP1=RCC
ProjectManager.HeapSize=0x200
NVIC.HardFault_IRQn=true\:0\:0\:false\:false\:true\:false\:false
Mcu.UserConstants=
ProjectManager.TargetToolchain=STM32CubeIDE
ProjectManager.ComputerToolchain=false
Mcu.ThirdPartyNb=0
NVIC.PriorityGroup=NVIC_PRIORITYGROUP_4
TIM2.TIM_MasterOutputTrigger=TIM_TRGO_UPDATE
RCC.HCLKFreq_Value=32000000
Mcu.IPNb=4
TIM2.IPParameters=Prescaler,Period,TIM_MasterOutputTrigger
ProjectManager.PreviousToolchain=
RCC.APB2TimFreq_Value=32000000
RCC.APB1TimFreq_Value=32000000
NVIC.BusFault_IRQn=true\:0\:0\:false\:false\:true\:false\:false
VP_TIM2_VS_ClockSourceINT.Signal=TIM2_VS_ClockSourceINT
ProjectManager.RegisterCallBack=
RCC.USBFreq_Value=32000000
RCC.APB1Freq_Value=32000000
RCC.AHBFreq_Value=32000000
Mcu.Pin0=PA2
Mcu.Pin1=VP_SYS_VS_ND
Mcu.Pin2=VP_SYS_VS_Systick
ProjectManager.CustomerFirmwarePackage=
Mcu.Pin3=VP_TIM2_VS_ClockSourceINT
ProjectManager.DeviceId=STM32F103C6Tx
ProjectManager.LibraryCopy=1
ProjectManager.ProjectBuild=false
NVIC.UsageFault_IRQn=true\:0\:0\:false\:false\:true\:false\:false
NVIC.DebugMonitor_IRQn=true\:0\:0\:false\:false\:true\:false\:false
board=custom
isbadioc=false
