#MicroXplorer Configuration settings - do not modify
Mcu.Family=STM32F1
VP_RTC_VS_RTC_Activate.Signal=RTC_VS_RTC_Activate
ProjectManager.MainLocation=Core/Src
PC15-OSC32_OUT.Mode=LSE-External-Oscillator
RCC.MCOFreq_Value=32000000
ProjectManager.ProjectFileName=Timer_Example.ioc
PD1-OSC_OUT.Mode=HSE-External-Oscillator
ProjectManager.KeepUserCode=true
Mcu.UserName=STM32F103R6Tx
PA15.GPIOParameters=GPIO_Label
PC10.GPIO_Label=DISPLAY_2
Mcu.PinsNb=20
ProjectManager.NoMain=false
PC12.Locked=true
TIM1.IPParameters=Prescaler,Period
PC10.Locked=true
RCC.PLLCLKFreq_Value=32000000
PC10.Signal=GPIO_Output
PC12.Signal=GPIO_Output
PC5.Locked=true
PA12.GPIOParameters=GPIO_Label
ProjectManager.functionlistsort=1-MX_GPIO_Init-GPIO-false-HAL-true,2-SystemClock_Config-RCC-false-HAL-false,3-MX_TIM1_Init-TIM1-false-HAL-true,4-MX_RTC_Init-RTC-false-HAL-true
PC8.Signal=GPIO_Output
PC4.Signal=GPIO_Output
PC2.Signal=GPIO_Output
PC6.Signal=GPIO_Output
PC6.GPIO_Label=Pin_D
VP_RTC_VS_RTC_Activate.Mode=RTC_Enabled
RTC.WeekDay=RTC_WEEKDAY_TUESDAY
PC3.Locked=true
RCC.RTCFreq_Value=32768
RCC.ADCFreqValue=16000000
ProjectManager.DefaultFWLocation=true
NVIC.TIM1_UP_IRQn=true\:0\:0\:false\:false\:true\:true\:true
VP_RTC_VS_RTC_Calendar.Signal=RTC_VS_RTC_Calendar
PD0-OSC_IN.Signal=RCC_OSC_IN
ProjectManager.DeletePrevious=true
PC14-OSC32_IN.Signal=RCC_OSC32_IN
PinOutPanel.RotationAngle=0
PA12.GPIO_Label=LED_Pin
RCC.FamilyName=M
RCC.SYSCLKSource=RCC_SYSCLKSOURCE_PLLCLK
ProjectManager.StackSize=0x400
PD1-OSC_OUT.Signal=RCC_OSC_OUT
PC3.GPIOParameters=GPIO_Label
PC8.GPIO_Label=DISPLAY_3
PC12.GPIOParameters=GPIO_Label
PA13.Signal=SYS_JTMS-SWDIO
Mcu.IP4=TIM1
RCC.FCLKCortexFreq_Value=32000000
NVIC.SVCall_IRQn=true\:0\:0\:false\:false\:true\:false\:false
Mcu.IP2=RTC
Mcu.IP3=SYS
PA15.GPIO_Label=LED_1
Mcu.IP0=NVIC
PA12.Locked=true
PA15.Locked=true
Mcu.IP1=RCC
PA12.Signal=GPIO_Output
TIM1.Prescaler=3199
Mcu.UserConstants=
ProjectManager.TargetToolchain=STM32CubeIDE
RTC.Year=21
Mcu.ThirdPartyNb=0
RCC.HCLKFreq_Value=32000000
Mcu.IPNb=5
ProjectManager.PreviousToolchain=
PC5.GPIOParameters=GPIO_Label
PC6.Locked=true
RCC.APB2TimFreq_Value=32000000
VP_TIM1_VS_ClockSourceINT.Signal=TIM1_VS_ClockSourceINT
RTC.IPParameters=Format,Hours,Minutes,WeekDay,Month,Year,Seconds
PC3.Signal=GPIO_Output
Mcu.Pin6=PC4
RTC.Format=RTC_FORMAT_BIN
Mcu.Pin7=PC5
PC2.Locked=true
ProjectManager.RegisterCallBack=
Mcu.Pin8=PC6
RCC.USBFreq_Value=32000000
Mcu.Pin9=PC8
PC15-OSC32_OUT.Signal=RCC_OSC32_OUT
RCC.AHBFreq_Value=32000000
Mcu.Pin0=PC14-OSC32_IN
Mcu.Pin1=PC15-OSC32_OUT
GPIO.groupedBy=Group By Peripherals
PD0-OSC_IN.Mode=HSE-External-Oscillator
Mcu.Pin2=PD0-OSC_IN
Mcu.Pin3=PD1-OSC_OUT
Mcu.Pin4=PC2
Mcu.Pin5=PC3
ProjectManager.ProjectBuild=false
RTC.Minutes=44
NVIC.UsageFault_IRQn=true\:0\:0\:false\:false\:true\:false\:false
NVIC.DebugMonitor_IRQn=true\:0\:0\:false\:false\:true\:false\:false
board=custom
NVIC.SysTick_IRQn=true\:0\:0\:false\:false\:true\:false\:true
RCC.RTCClockSelection=RCC_RTCCLKSOURCE_LSE
ProjectManager.LastFirmware=false
RCC.PLLMUL=RCC_PLL_MUL8
ProjectManager.FirmwarePackage=STM32Cube FW_F1 V1.8.3
MxDb.Version=DB.6.0.21
RCC.APB2Freq_Value=32000000
RTC.Month=RTC_MONTH_JUNE
ProjectManager.BackupPrevious=false
MxCube.Version=6.2.1
PC14-OSC32_IN.Mode=LSE-External-Oscillator
PC4.GPIO_Label=Pin_B
PA14.Mode=Serial_Wire
PC2.GPIOParameters=GPIO_Label
File.Version=6
VP_SYS_VS_Systick.Mode=SysTick
NVIC.NonMaskableInt_IRQn=true\:0\:0\:false\:false\:true\:false\:false
PC10.GPIOParameters=GPIO_Label
NVIC.PendSV_IRQn=true\:0\:0\:false\:false\:true\:false\:false
PA13.Mode=Serial_Wire
ProjectManager.FreePins=false
RCC.IPParameters=ADCFreqValue,AHBFreq_Value,APB1Freq_Value,APB1TimFreq_Value,APB2Freq_Value,APB2TimFreq_Value,FCLKCortexFreq_Value,FamilyName,HCLKFreq_Value,MCOFreq_Value,PLLCLKFreq_Value,PLLMCOFreq_Value,PLLMUL,RTCClockSelection,RTCFreq_Value,SYSCLKFreq_VALUE,SYSCLKSource,TimSysFreq_Value,USBFreq_Value
ProjectManager.AskForMigrate=true
Mcu.Name=STM32F103R(4-6)Tx
ProjectManager.HalAssertFull=false
VP_TIM1_VS_ClockSourceINT.Mode=Internal
ProjectManager.ProjectName=Timer_Example
ProjectManager.UnderRoot=true
RCC.PLLMCOFreq_Value=16000000
ProjectManager.CoupleFile=false
PC8.GPIOParameters=GPIO_Label
RCC.SYSCLKFreq_VALUE=32000000
RTC.Hours=13
Mcu.Package=LQFP64
RCC.TimSysFreq_Value=32000000
NVIC.ForceEnableDMAVector=true
KeepUserPlacement=false
PC5.GPIO_Label=Pin_C
NVIC.MemoryManagement_IRQn=true\:0\:0\:false\:false\:true\:false\:false
PC12.GPIO_Label=DISPLAY_1
ProjectManager.CompilerOptimize=6
ProjectManager.ToolChainLocation=
VP_SYS_VS_Systick.Signal=SYS_VS_Systick
PA14.Signal=SYS_JTCK-SWCLK
VP_RTC_VS_RTC_Calendar.Mode=RTC_Calendar
PA15.Signal=GPIO_Output
ProjectManager.HeapSize=0x200
Mcu.Pin15=PC12
NVIC.HardFault_IRQn=true\:0\:0\:false\:false\:true\:false\:false
Mcu.Pin16=VP_RTC_VS_RTC_Activate
Mcu.Pin13=PA15
PC6.GPIOParameters=GPIO_Label
Mcu.Pin14=PC10
Mcu.Pin19=VP_TIM1_VS_ClockSourceINT
ProjectManager.ComputerToolchain=false
Mcu.Pin17=VP_RTC_VS_RTC_Calendar
Mcu.Pin18=VP_SYS_VS_Systick
NVIC.PriorityGroup=NVIC_PRIORITYGROUP_4
Mcu.Pin11=PA13
Mcu.Pin12=PA14
Mcu.Pin10=PA12
RCC.APB1TimFreq_Value=32000000
PC3.GPIO_Label=Pin_A
NVIC.BusFault_IRQn=true\:0\:0\:false\:false\:true\:false\:false
PC4.Locked=true
PC8.Locked=true
PC5.Signal=GPIO_Output
TIM1.Period=50
RTC.Seconds=50
RCC.APB1Freq_Value=32000000
PC2.GPIO_Label=DISPLAY_4
ProjectManager.CustomerFirmwarePackage=
PC4.GPIOParameters=GPIO_Label
ProjectManager.DeviceId=STM32F103R6Tx
ProjectManager.LibraryCopy=1
isbadioc=false
